
Microsoft Visual Studio Solution File, Format Version 11.00
# Visual Studio 2010
# SharpDevelop 4.4
Project("{FAE04EC0-301F-11D3-BF4B-00C04F79EFBC}") = "TP 1", "TP 1\TP 1.csproj", "{55268C8C-943B-4764-9B6A-6337E19AF6DD}"
EndProject
Project("{FAE04EC0-301F-11D3-BF4B-00C04F79EFBC}") = "TP 2", "TP 2\TP 2.csproj", "{C72EFC85-E617-4159-A270-1DA96E1AABF2}"
EndProject
Project("{FAE04EC0-301F-11D3-BF4B-00C04F79EFBC}") = "TP 3", "TP 3\TP 3.csproj", "{F85AF969-ABAC-43C3-A546-0E1F8FE7734A}"
EndProject
Project("{FAE04EC0-301F-11D3-BF4B-00C04F79EFBC}") = "TP 4", "TP 4\TP 4.csproj", "{9F19551F-E8D1-4A0C-A35F-FD860B6A5FB4}"
EndProject
Global
	GlobalSection(SolutionConfigurationPlatforms) = preSolution
		Debug|Any CPU = Debug|Any CPU
		Release|Any CPU = Release|Any CPU
	EndGlobalSection
	GlobalSection(ProjectConfigurationPlatforms) = postSolution
		{55268C8C-943B-4764-9B6A-6337E19AF6DD}.Debug|Any CPU.Build.0 = Debug|Any CPU
		{55268C8C-943B-4764-9B6A-6337E19AF6DD}.Debug|Any CPU.ActiveCfg = Debug|Any CPU
		{55268C8C-943B-4764-9B6A-6337E19AF6DD}.Release|Any CPU.Build.0 = Release|Any CPU
		{55268C8C-943B-4764-9B6A-6337E19AF6DD}.Release|Any CPU.ActiveCfg = Release|Any CPU
		{C72EFC85-E617-4159-A270-1DA96E1AABF2}.Debug|Any CPU.Build.0 = Debug|Any CPU
		{C72EFC85-E617-4159-A270-1DA96E1AABF2}.Debug|Any CPU.ActiveCfg = Debug|Any CPU
		{C72EFC85-E617-4159-A270-1DA96E1AABF2}.Release|Any CPU.Build.0 = Release|Any CPU
		{C72EFC85-E617-4159-A270-1DA96E1AABF2}.Release|Any CPU.ActiveCfg = Release|Any CPU
		{F85AF969-ABAC-43C3-A546-0E1F8FE7734A}.Debug|Any CPU.Build.0 = Debug|Any CPU
		{F85AF969-ABAC-43C3-A546-0E1F8FE7734A}.Debug|Any CPU.ActiveCfg = Debug|Any CPU
		{F85AF969-ABAC-43C3-A546-0E1F8FE7734A}.Release|Any CPU.Build.0 = Release|Any CPU
		{F85AF969-ABAC-43C3-A546-0E1F8FE7734A}.Release|Any CPU.ActiveCfg = Release|Any CPU
		{9F19551F-E8D1-4A0C-A35F-FD860B6A5FB4}.Debug|Any CPU.Build.0 = Debug|Any CPU
		{9F19551F-E8D1-4A0C-A35F-FD860B6A5FB4}.Debug|Any CPU.ActiveCfg = Debug|Any CPU
		{9F19551F-E8D1-4A0C-A35F-FD860B6A5FB4}.Release|Any CPU.Build.0 = Release|Any CPU
		{9F19551F-E8D1-4A0C-A35F-FD860B6A5FB4}.Release|Any CPU.ActiveCfg = Release|Any CPU
	EndGlobalSection
EndGlobal
